
Microsoft Visual Studio Solution File, Format Version 12.00
# Visual Studio Version 16
VisualStudioVersion = 16.0.29009.5
MinimumVisualStudioVersion = 10.0.40219.1
Project("{FAE04EC0-301F-11D3-BF4B-00C04F79EFBC}") = "Wpf_ScritturasuXML", "Wpf_ScritturasuXML\Wpf_ScritturasuXML.csproj", "{AB1B7408-2375-4964-87AA-164804A21C7C}"
EndProject
Global
	GlobalSection(SolutionConfigurationPlatforms) = preSolution
		Debug|Any CPU = Debug|Any CPU
		Release|Any CPU = Release|Any CPU
	EndGlobalSection
	GlobalSection(ProjectConfigurationPlatforms) = postSolution
		{AB1B7408-2375-4964-87AA-164804A21C7C}.Debug|Any CPU.ActiveCfg = Debug|Any CPU
		{AB1B7408-2375-4964-87AA-164804A21C7C}.Debug|Any CPU.Build.0 = Debug|Any CPU
		{AB1B7408-2375-4964-87AA-164804A21C7C}.Release|Any CPU.ActiveCfg = Release|Any CPU
		{AB1B7408-2375-4964-87AA-164804A21C7C}.Release|Any CPU.Build.0 = Release|Any CPU
	EndGlobalSection
	GlobalSection(SolutionProperties) = preSolution
		HideSolutionNode = FALSE
	EndGlobalSection
	GlobalSection(ExtensibilityGlobals) = postSolution
		SolutionGuid = {316806CB-0697-46CF-AC24-A63A519E73D0}
	EndGlobalSection
EndGlobal
